{
  "pins" : [
    {
      "identity" : "livelike-ios-sdk",
      "kind" : "remoteSourceControl",
      "location" : "git@bitbucket.org:livelike/livelike-ios-sdk.git",
      "state" : {
        "revision" : "2a825f4ead7bcc8ccadc030698c1d5ac605331ae",
        "version" : "2.77.0"
      }
    },
    {
      "identity" : "lottie-ios",
      "kind" : "remoteSourceControl",
      "location" : "https://github.com/airbnb/lottie-ios.git",
      "state" : {
        "revision" : "79a0b70547f7c40ea54c67487f935fa2f2eaaadc",
        "version" : "3.2.3"
      }
    },
    {
      "identity" : "swift",
      "kind" : "remoteSourceControl",
      "location" : "https://github.com/pubnub/swift.git",
      "state" : {
        "revision" : "56c86877d8a0dd50ae981905837940341ead89af",
        "version" : "6.2.0"
      }
    }
  ],
  "version" : 2
}
