// !$*UTF8*$!
{
	archiveVersion = 1;
	classes = {
	};
	objectVersion = 56;
	objects = {

/* Begin PBXBuildFile section */
		F9D1D1292A85F1E400F04658 /* LiveLIkeApp.swift in Sources */ = {isa = PBXBuildFile; fileRef = F9D1D1282A85F1E400F04658 /* LiveLIkeApp.swift */; };
		F9D1D12B2A85F1E400F04658 /* ContentView.swift in Sources */ = {isa = PBXBuildFile; fileRef = F9D1D12A2A85F1E400F04658 /* ContentView.swift */; };
		F9D1D12D2A85F1E500F04658 /* Assets.xcassets in Resources */ = {isa = PBXBuildFile; fileRef = F9D1D12C2A85F1E500F04658 /* Assets.xcassets */; };
		F9D1D1302A85F1E500F04658 /* Preview Assets.xcassets in Resources */ = {isa = PBXBuildFile; fileRef = F9D1D12F2A85F1E500F04658 /* Preview Assets.xcassets */; };
		F9D1D13E2A85F22A00F04658 /* WidgetViewController.swift in Sources */ = {isa = PBXBuildFile; fileRef = F9D1D13D2A85F22A00F04658 /* WidgetViewController.swift */; };
		F9D1D1402A85F34900F04658 /* WidgetSwiftIUI.swift in Sources */ = {isa = PBXBuildFile; fileRef = F9D1D13F2A85F34900F04658 /* WidgetSwiftIUI.swift */; };
		F9D1D1692A86424700F04658 /* EngamenteSDK.swift in Sources */ = {isa = PBXBuildFile; fileRef = F9D1D1682A86424700F04658 /* EngamenteSDK.swift */; };
		F9E356262A8F3533001D8DF4 /* EngagementSDK in Frameworks */ = {isa = PBXBuildFile; productRef = F9E356252A8F3533001D8DF4 /* EngagementSDK */; };
		F9E356282A8F3533001D8DF4 /* LiveLikeSwift in Frameworks */ = {isa = PBXBuildFile; productRef = F9E356272A8F3533001D8DF4 /* LiveLikeSwift */; };
		F9E3562A2A8F3533001D8DF4 /* LiveLikeWidgetPublish in Frameworks */ = {isa = PBXBuildFile; productRef = F9E356292A8F3533001D8DF4 /* LiveLikeWidgetPublish */; };
/* End PBXBuildFile section */

/* Begin PBXFileReference section */
		F9D1D1252A85F1E400F04658 /* LiveLIke.app */ = {isa = PBXFileReference; explicitFileType = wrapper.application; includeInIndex = 0; path = LiveLIke.app; sourceTree = BUILT_PRODUCTS_DIR; };
		F9D1D1282A85F1E400F04658 /* LiveLIkeApp.swift */ = {isa = PBXFileReference; lastKnownFileType = sourcecode.swift; path = LiveLIkeApp.swift; sourceTree = "<group>"; };
		F9D1D12A2A85F1E400F04658 /* ContentView.swift */ = {isa = PBXFileReference; lastKnownFileType = sourcecode.swift; path = ContentView.swift; sourceTree = "<group>"; };
		F9D1D12C2A85F1E500F04658 /* Assets.xcassets */ = {isa = PBXFileReference; lastKnownFileType = folder.assetcatalog; path = Assets.xcassets; sourceTree = "<group>"; };
		F9D1D12F2A85F1E500F04658 /* Preview Assets.xcassets */ = {isa = PBXFileReference; lastKnownFileType = folder.assetcatalog; path = "Preview Assets.xcassets"; sourceTree = "<group>"; };
		F9D1D13D2A85F22A00F04658 /* WidgetViewController.swift */ = {isa = PBXFileReference; lastKnownFileType = sourcecode.swift; path = WidgetViewController.swift; sourceTree = "<group>"; };
		F9D1D13F2A85F34900F04658 /* WidgetSwiftIUI.swift */ = {isa = PBXFileReference; lastKnownFileType = sourcecode.swift; path = WidgetSwiftIUI.swift; sourceTree = "<group>"; };
		F9D1D1682A86424700F04658 /* EngamenteSDK.swift */ = {isa = PBXFileReference; lastKnownFileType = sourcecode.swift; path = EngamenteSDK.swift; sourceTree = "<group>"; };
/* End PBXFileReference section */

/* Begin PBXFrameworksBuildPhase section */
		F9D1D1222A85F1E400F04658 /* Frameworks */ = {
			isa = PBXFrameworksBuildPhase;
			buildActionMask = 2147483647;
			files = (
				F9E3562A2A8F3533001D8DF4 /* LiveLikeWidgetPublish in Frameworks */,
				F9E356262A8F3533001D8DF4 /* EngagementSDK in Frameworks */,
				F9E356282A8F3533001D8DF4 /* LiveLikeSwift in Frameworks */,
			);
			runOnlyForDeploymentPostprocessing = 0;
		};
/* End PBXFrameworksBuildPhase section */

/* Begin PBXGroup section */
		F9D1D11C2A85F1E400F04658 = {
			isa = PBXGroup;
			children = (
				F9D1D1272A85F1E400F04658 /* LiveLIke */,
				F9D1D1262A85F1E400F04658 /* Products */,
			);
			sourceTree = "<group>";
		};
		F9D1D1262A85F1E400F04658 /* Products */ = {
			isa = PBXGroup;
			children = (
				F9D1D1252A85F1E400F04658 /* LiveLIke.app */,
			);
			name = Products;
			sourceTree = "<group>";
		};
		F9D1D1272A85F1E400F04658 /* LiveLIke */ = {
			isa = PBXGroup;
			children = (
				F9D1D1282A85F1E400F04658 /* LiveLIkeApp.swift */,
				F9D1D12A2A85F1E400F04658 /* ContentView.swift */,
				F9D1D1682A86424700F04658 /* EngamenteSDK.swift */,
				F9D1D13D2A85F22A00F04658 /* WidgetViewController.swift */,
				F9D1D13F2A85F34900F04658 /* WidgetSwiftIUI.swift */,
				F9D1D12C2A85F1E500F04658 /* Assets.xcassets */,
				F9D1D12E2A85F1E500F04658 /* Preview Content */,
			);
			path = LiveLIke;
			sourceTree = "<group>";
		};
		F9D1D12E2A85F1E500F04658 /* Preview Content */ = {
			isa = PBXGroup;
			children = (
				F9D1D12F2A85F1E500F04658 /* Preview Assets.xcassets */,
			);
			path = "Preview Content";
			sourceTree = "<group>";
		};
/* End PBXGroup section */

/* Begin PBXNativeTarget section */
		F9D1D1242A85F1E400F04658 /* LiveLIke */ = {
			isa = PBXNativeTarget;
			buildConfigurationList = F9D1D1332A85F1E500F04658 /* Build configuration list for PBXNativeTarget "LiveLIke" */;
			buildPhases = (
				F9D1D1212A85F1E400F04658 /* Sources */,
				F9D1D1222A85F1E400F04658 /* Frameworks */,
				F9D1D1232A85F1E400F04658 /* Resources */,
			);
			buildRules = (
			);
			dependencies = (
			);
			name = LiveLIke;
			packageProductDependencies = (
				F9E356252A8F3533001D8DF4 /* EngagementSDK */,
				F9E356272A8F3533001D8DF4 /* LiveLikeSwift */,
				F9E356292A8F3533001D8DF4 /* LiveLikeWidgetPublish */,
			);
			productName = LiveLIke;
			productReference = F9D1D1252A85F1E400F04658 /* LiveLIke.app */;
			productType = "com.apple.product-type.application";
		};
/* End PBXNativeTarget section */

/* Begin PBXProject section */
		F9D1D11D2A85F1E400F04658 /* Project object */ = {
			isa = PBXProject;
			attributes = {
				BuildIndependentTargetsInParallel = 1;
				LastSwiftUpdateCheck = 1430;
				LastUpgradeCheck = 1430;
				TargetAttributes = {
					F9D1D1242A85F1E400F04658 = {
						CreatedOnToolsVersion = 14.3.1;
					};
				};
			};
			buildConfigurationList = F9D1D1202A85F1E400F04658 /* Build configuration list for PBXProject "LiveLIke" */;
			compatibilityVersion = "Xcode 14.0";
			developmentRegion = en;
			hasScannedForEncodings = 0;
			knownRegions = (
				en,
				Base,
			);
			mainGroup = F9D1D11C2A85F1E400F04658;
			packageReferences = (
				F9E356242A8F3533001D8DF4 /* XCRemoteSwiftPackageReference "livelike-ios-sdk" */,
			);
			productRefGroup = F9D1D1262A85F1E400F04658 /* Products */;
			projectDirPath = "";
			projectRoot = "";
			targets = (
				F9D1D1242A85F1E400F04658 /* LiveLIke */,
			);
		};
/* End PBXProject section */

/* Begin PBXResourcesBuildPhase section */
		F9D1D1232A85F1E400F04658 /* Resources */ = {
			isa = PBXResourcesBuildPhase;
			buildActionMask = 2147483647;
			files = (
				F9D1D1302A85F1E500F04658 /* Preview Assets.xcassets in Resources */,
				F9D1D12D2A85F1E500F04658 /* Assets.xcassets in Resources */,
			);
			runOnlyForDeploymentPostprocessing = 0;
		};
/* End PBXResourcesBuildPhase section */

/* Begin PBXSourcesBuildPhase section */
		F9D1D1212A85F1E400F04658 /* Sources */ = {
			isa = PBXSourcesBuildPhase;
			buildActionMask = 2147483647;
			files = (
				F9D1D12B2A85F1E400F04658 /* ContentView.swift in Sources */,
				F9D1D13E2A85F22A00F04658 /* WidgetViewController.swift in Sources */,
				F9D1D1692A86424700F04658 /* EngamenteSDK.swift in Sources */,
				F9D1D1292A85F1E400F04658 /* LiveLIkeApp.swift in Sources */,
				F9D1D1402A85F34900F04658 /* WidgetSwiftIUI.swift in Sources */,
			);
			runOnlyForDeploymentPostprocessing = 0;
		};
/* End PBXSourcesBuildPhase section */

/* Begin XCBuildConfiguration section */
		F9D1D1312A85F1E500F04658 /* Debug */ = {
			isa = XCBuildConfiguration;
			buildSettings = {
				ALWAYS_SEARCH_USER_PATHS = NO;
				CLANG_ANALYZER_NONNULL = YES;
				CLANG_ANALYZER_NUMBER_OBJECT_CONVERSION = YES_AGGRESSIVE;
				CLANG_CXX_LANGUAGE_STANDARD = "gnu++20";
				CLANG_ENABLE_MODULES = YES;
				CLANG_ENABLE_OBJC_ARC = YES;
				CLANG_ENABLE_OBJC_WEAK = YES;
				CLANG_WARN_BLOCK_CAPTURE_AUTORELEASING = YES;
				CLANG_WARN_BOOL_CONVERSION = YES;
				CLANG_WARN_COMMA = YES;
				CLANG_WARN_CONSTANT_CONVERSION = YES;
				CLANG_WARN_DEPRECATED_OBJC_IMPLEMENTATIONS = YES;
				CLANG_WARN_DIRECT_OBJC_ISA_USAGE = YES_ERROR;
				CLANG_WARN_DOCUMENTATION_COMMENTS = YES;
				CLANG_WARN_EMPTY_BODY = YES;
				CLANG_WARN_ENUM_CONVERSION = YES;
				CLANG_WARN_INFINITE_RECURSION = YES;
				CLANG_WARN_INT_CONVERSION = YES;
				CLANG_WARN_NON_LITERAL_NULL_CONVERSION = YES;
				CLANG_WARN_OBJC_IMPLICIT_RETAIN_SELF = YES;
				CLANG_WARN_OBJC_LITERAL_CONVERSION = YES;
				CLANG_WARN_OBJC_ROOT_CLASS = YES_ERROR;
				CLANG_WARN_QUOTED_INCLUDE_IN_FRAMEWORK_HEADER = YES;
				CLANG_WARN_RANGE_LOOP_ANALYSIS = YES;
				CLANG_WARN_STRICT_PROTOTYPES = YES;
				CLANG_WARN_SUSPICIOUS_MOVE = YES;
				CLANG_WARN_UNGUARDED_AVAILABILITY = YES_AGGRESSIVE;
				CLANG_WARN_UNREACHABLE_CODE = YES;
				CLANG_WARN__DUPLICATE_METHOD_MATCH = YES;
				COPY_PHASE_STRIP = NO;
				DEBUG_INFORMATION_FORMAT = dwarf;
				ENABLE_STRICT_OBJC_MSGSEND = YES;
				ENABLE_TESTABILITY = YES;
				GCC_C_LANGUAGE_STANDARD = gnu11;
				GCC_DYNAMIC_NO_PIC = NO;
				GCC_NO_COMMON_BLOCKS = YES;
				GCC_OPTIMIZATION_LEVEL = 0;
				GCC_PREPROCESSOR_DEFINITIONS = (
					"DEBUG=1",
					"$(inherited)",
				);
				GCC_WARN_64_TO_32_BIT_CONVERSION = YES;
				GCC_WARN_ABOUT_RETURN_TYPE = YES_ERROR;
				GCC_WARN_UNDECLARED_SELECTOR = YES;
				GCC_WARN_UNINITIALIZED_AUTOS = YES_AGGRESSIVE;
				GCC_WARN_UNUSED_FUNCTION = YES;
				GCC_WARN_UNUSED_VARIABLE = YES;
				IPHONEOS_DEPLOYMENT_TARGET = 16.4;
				MTL_ENABLE_DEBUG_INFO = INCLUDE_SOURCE;
				MTL_FAST_MATH = YES;
				ONLY_ACTIVE_ARCH = YES;
				SDKROOT = iphoneos;
				SWIFT_ACTIVE_COMPILATION_CONDITIONS = DEBUG;
				SWIFT_OPTIMIZATION_LEVEL = "-Onone";
			};
			name = Debug;
		};
		F9D1D1322A85F1E500F04658 /* Release */ = {
			isa = XCBuildConfiguration;
			buildSettings = {
				ALWAYS_SEARCH_USER_PATHS = NO;
				CLANG_ANALYZER_NONNULL = YES;
				CLANG_ANALYZER_NUMBER_OBJECT_CONVERSION = YES_AGGRESSIVE;
				CLANG_CXX_LANGUAGE_STANDARD = "gnu++20";
				CLANG_ENABLE_MODULES = YES;
				CLANG_ENABLE_OBJC_ARC = YES;
				CLANG_ENABLE_OBJC_WEAK = YES;
				CLANG_WARN_BLOCK_CAPTURE_AUTORELEASING = YES;
				CLANG_WARN_BOOL_CONVERSION = YES;
				CLANG_WARN_COMMA = YES;
				CLANG_WARN_CONSTANT_CONVERSION = YES;
				CLANG_WARN_DEPRECATED_OBJC_IMPLEMENTATIONS = YES;
				CLANG_WARN_DIRECT_OBJC_ISA_USAGE = YES_ERROR;
				CLANG_WARN_DOCUMENTATION_COMMENTS = YES;
				CLANG_WARN_EMPTY_BODY = YES;
				CLANG_WARN_ENUM_CONVERSION = YES;
				CLANG_WARN_INFINITE_RECURSION = YES;
				CLANG_WARN_INT_CONVERSION = YES;
				CLANG_WARN_NON_LITERAL_NULL_CONVERSION = YES;
				CLANG_WARN_OBJC_IMPLICIT_RETAIN_SELF = YES;
				CLANG_WARN_OBJC_LITERAL_CONVERSION = YES;
				CLANG_WARN_OBJC_ROOT_CLASS = YES_ERROR;
				CLANG_WARN_QUOTED_INCLUDE_IN_FRAMEWORK_HEADER = YES;
				CLANG_WARN_RANGE_LOOP_ANALYSIS = YES;
				CLANG_WARN_STRICT_PROTOTYPES = YES;
				CLANG_WARN_SUSPICIOUS_MOVE = YES;
				CLANG_WARN_UNGUARDED_AVAILABILITY = YES_AGGRESSIVE;
				CLANG_WARN_UNREACHABLE_CODE = YES;
				CLANG_WARN__DUPLICATE_METHOD_MATCH = YES;
				COPY_PHASE_STRIP = NO;
				DEBUG_INFORMATION_FORMAT = "dwarf-with-dsym";
				ENABLE_NS_ASSERTIONS = NO;
				ENABLE_STRICT_OBJC_MSGSEND = YES;
				GCC_C_LANGUAGE_STANDARD = gnu11;
				GCC_NO_COMMON_BLOCKS = YES;
				GCC_WARN_64_TO_32_BIT_CONVERSION = YES;
				GCC_WARN_ABOUT_RETURN_TYPE = YES_ERROR;
				GCC_WARN_UNDECLARED_SELECTOR = YES;
				GCC_WARN_UNINITIALIZED_AUTOS = YES_AGGRESSIVE;
				GCC_WARN_UNUSED_FUNCTION = YES;
				GCC_WARN_UNUSED_VARIABLE = YES;
				IPHONEOS_DEPLOYMENT_TARGET = 16.4;
				MTL_ENABLE_DEBUG_INFO = NO;
				MTL_FAST_MATH = YES;
				SDKROOT = iphoneos;
				SWIFT_COMPILATION_MODE = wholemodule;
				SWIFT_OPTIMIZATION_LEVEL = "-O";
				VALIDATE_PRODUCT = YES;
			};
			name = Release;
		};
		F9D1D1342A85F1E500F04658 /* Debug */ = {
			isa = XCBuildConfiguration;
			buildSettings = {
				ASSETCATALOG_COMPILER_APPICON_NAME = AppIcon;
				ASSETCATALOG_COMPILER_GLOBAL_ACCENT_COLOR_NAME = AccentColor;
				CODE_SIGN_STYLE = Automatic;
				CURRENT_PROJECT_VERSION = 1;
				DEVELOPMENT_ASSET_PATHS = "\"LiveLIke/Preview Content\"";
				DEVELOPMENT_TEAM = N9HCL8S8K9;
				ENABLE_PREVIEWS = YES;
				GENERATE_INFOPLIST_FILE = YES;
				INFOPLIST_KEY_UIApplicationSceneManifest_Generation = YES;
				INFOPLIST_KEY_UIApplicationSupportsIndirectInputEvents = YES;
				INFOPLIST_KEY_UILaunchScreen_Generation = YES;
				INFOPLIST_KEY_UISupportedInterfaceOrientations_iPad = "UIInterfaceOrientationPortrait UIInterfaceOrientationPortraitUpsideDown UIInterfaceOrientationLandscapeLeft UIInterfaceOrientationLandscapeRight";
				INFOPLIST_KEY_UISupportedInterfaceOrientations_iPhone = "UIInterfaceOrientationPortrait UIInterfaceOrientationLandscapeLeft UIInterfaceOrientationLandscapeRight";
				LD_RUNPATH_SEARCH_PATHS = (
					"$(inherited)",
					"@executable_path/Frameworks",
				);
				MARKETING_VERSION = 1.0;
				PRODUCT_BUNDLE_IDENTIFIER = com.javieretxarri.LiveLIke9;
				PRODUCT_NAME = "$(TARGET_NAME)";
				SWIFT_EMIT_LOC_STRINGS = YES;
				SWIFT_VERSION = 5.0;
				TARGETED_DEVICE_FAMILY = "1,2";
			};
			name = Debug;
		};
		F9D1D1352A85F1E500F04658 /* Release */ = {
			isa = XCBuildConfiguration;
			buildSettings = {
				ASSETCATALOG_COMPILER_APPICON_NAME = AppIcon;
				ASSETCATALOG_COMPILER_GLOBAL_ACCENT_COLOR_NAME = AccentColor;
				CODE_SIGN_STYLE = Automatic;
				CURRENT_PROJECT_VERSION = 1;
				DEVELOPMENT_ASSET_PATHS = "\"LiveLIke/Preview Content\"";
				DEVELOPMENT_TEAM = N9HCL8S8K9;
				ENABLE_PREVIEWS = YES;
				GENERATE_INFOPLIST_FILE = YES;
				INFOPLIST_KEY_UIApplicationSceneManifest_Generation = YES;
				INFOPLIST_KEY_UIApplicationSupportsIndirectInputEvents = YES;
				INFOPLIST_KEY_UILaunchScreen_Generation = YES;
				INFOPLIST_KEY_UISupportedInterfaceOrientations_iPad = "UIInterfaceOrientationPortrait UIInterfaceOrientationPortraitUpsideDown UIInterfaceOrientationLandscapeLeft UIInterfaceOrientationLandscapeRight";
				INFOPLIST_KEY_UISupportedInterfaceOrientations_iPhone = "UIInterfaceOrientationPortrait UIInterfaceOrientationLandscapeLeft UIInterfaceOrientationLandscapeRight";
				LD_RUNPATH_SEARCH_PATHS = (
					"$(inherited)",
					"@executable_path/Frameworks",
				);
				MARKETING_VERSION = 1.0;
				PRODUCT_BUNDLE_IDENTIFIER = com.javieretxarri.LiveLIke9;
				PRODUCT_NAME = "$(TARGET_NAME)";
				SWIFT_EMIT_LOC_STRINGS = YES;
				SWIFT_VERSION = 5.0;
				TARGETED_DEVICE_FAMILY = "1,2";
			};
			name = Release;
		};
/* End XCBuildConfiguration section */

/* Begin XCConfigurationList section */
		F9D1D1202A85F1E400F04658 /* Build configuration list for PBXProject "LiveLIke" */ = {
			isa = XCConfigurationList;
			buildConfigurations = (
				F9D1D1312A85F1E500F04658 /* Debug */,
				F9D1D1322A85F1E500F04658 /* Release */,
			);
			defaultConfigurationIsVisible = 0;
			defaultConfigurationName = Release;
		};
		F9D1D1332A85F1E500F04658 /* Build configuration list for PBXNativeTarget "LiveLIke" */ = {
			isa = XCConfigurationList;
			buildConfigurations = (
				F9D1D1342A85F1E500F04658 /* Debug */,
				F9D1D1352A85F1E500F04658 /* Release */,
			);
			defaultConfigurationIsVisible = 0;
			defaultConfigurationName = Release;
		};
/* End XCConfigurationList section */

/* Begin XCRemoteSwiftPackageReference section */
		F9E356242A8F3533001D8DF4 /* XCRemoteSwiftPackageReference "livelike-ios-sdk" */ = {
			isa = XCRemoteSwiftPackageReference;
			repositoryURL = "git@bitbucket.org:livelike/livelike-ios-sdk.git";
			requirement = {
				kind = upToNextMajorVersion;
				minimumVersion = 2.75.0;
			};
		};
/* End XCRemoteSwiftPackageReference section */

/* Begin XCSwiftPackageProductDependency section */
		F9E356252A8F3533001D8DF4 /* EngagementSDK */ = {
			isa = XCSwiftPackageProductDependency;
			package = F9E356242A8F3533001D8DF4 /* XCRemoteSwiftPackageReference "livelike-ios-sdk" */;
			productName = EngagementSDK;
		};
		F9E356272A8F3533001D8DF4 /* LiveLikeSwift */ = {
			isa = XCSwiftPackageProductDependency;
			package = F9E356242A8F3533001D8DF4 /* XCRemoteSwiftPackageReference "livelike-ios-sdk" */;
			productName = LiveLikeSwift;
		};
		F9E356292A8F3533001D8DF4 /* LiveLikeWidgetPublish */ = {
			isa = XCSwiftPackageProductDependency;
			package = F9E356242A8F3533001D8DF4 /* XCRemoteSwiftPackageReference "livelike-ios-sdk" */;
			productName = LiveLikeWidgetPublish;
		};
/* End XCSwiftPackageProductDependency section */
	};
	rootObject = F9D1D11D2A85F1E400F04658 /* Project object */;
}
